
Microsoft Visual Studio Solution File, Format Version 12.00
# Visual Studio 15
VisualStudioVersion = 15.0.28010.2041
MinimumVisualStudioVersion = 10.0.40219.1
Project("{9A19103F-16F7-4668-BE54-9A1E7A4F7556}") = "InDependency", "..\InDependency\InDependency.csproj", "{B694EA82-38F0-44D1-82E9-51851588C26E}"
EndProject
Project("{FAE04EC0-301F-11D3-BF4B-00C04F79EFBC}") = "Sample", "Sample.csproj", "{284D0138-9664-4898-98E6-964204DE1326}"
EndProject
Global
	GlobalSection(SolutionConfigurationPlatforms) = preSolution
		Debug|Any CPU = Debug|Any CPU
		Release|Any CPU = Release|Any CPU
	EndGlobalSection
	GlobalSection(ProjectConfigurationPlatforms) = postSolution
		{B694EA82-38F0-44D1-82E9-51851588C26E}.Debug|Any CPU.ActiveCfg = Debug|Any CPU
		{B694EA82-38F0-44D1-82E9-51851588C26E}.Debug|Any CPU.Build.0 = Debug|Any CPU
		{B694EA82-38F0-44D1-82E9-51851588C26E}.Release|Any CPU.ActiveCfg = Release|Any CPU
		{B694EA82-38F0-44D1-82E9-51851588C26E}.Release|Any CPU.Build.0 = Release|Any CPU
		{284D0138-9664-4898-98E6-964204DE1326}.Debug|Any CPU.ActiveCfg = Debug|Any CPU
		{284D0138-9664-4898-98E6-964204DE1326}.Debug|Any CPU.Build.0 = Debug|Any CPU
		{284D0138-9664-4898-98E6-964204DE1326}.Release|Any CPU.ActiveCfg = Release|Any CPU
		{284D0138-9664-4898-98E6-964204DE1326}.Release|Any CPU.Build.0 = Release|Any CPU
	EndGlobalSection
	GlobalSection(SolutionProperties) = preSolution
		HideSolutionNode = FALSE
	EndGlobalSection
	GlobalSection(ExtensibilityGlobals) = postSolution
		SolutionGuid = {0DAE0639-1813-4AA6-8A8D-8BC58479F32F}
	EndGlobalSection
EndGlobal
